
Microsoft Visual Studio Solution File, Format Version 12.00
# Visual Studio 15
VisualStudioVersion = 15.0.28010.2048
MinimumVisualStudioVersion = 10.0.40219.1
Project("{FAE04EC0-301F-11D3-BF4B-00C04F79EFBC}") = "Log", "Log\Log.csproj", "{99A9C5CC-B267-4486-95A9-28D893CE6448}"
EndProject
Global
	GlobalSection(SolutionConfigurationPlatforms) = preSolution
		Debug|Any CPU = Debug|Any CPU
		Release|Any CPU = Release|Any CPU
	EndGlobalSection
	GlobalSection(ProjectConfigurationPlatforms) = postSolution
		{99A9C5CC-B267-4486-95A9-28D893CE6448}.Debug|Any CPU.ActiveCfg = Debug|Any CPU
		{99A9C5CC-B267-4486-95A9-28D893CE6448}.Debug|Any CPU.Build.0 = Debug|Any CPU
		{99A9C5CC-B267-4486-95A9-28D893CE6448}.Release|Any CPU.ActiveCfg = Release|Any CPU
		{99A9C5CC-B267-4486-95A9-28D893CE6448}.Release|Any CPU.Build.0 = Release|Any CPU
	EndGlobalSection
	GlobalSection(SolutionProperties) = preSolution
		HideSolutionNode = FALSE
	EndGlobalSection
	GlobalSection(ExtensibilityGlobals) = postSolution
		SolutionGuid = {3AE83502-0167-49B9-9EA6-A1B79C8817BD}
	EndGlobalSection
EndGlobal
